
Microsoft Visual Studio Solution File, Format Version 12.00
# Visual Studio Version 16
VisualStudioVersion = 16.0.810.15
MinimumVisualStudioVersion = 10.0.40219.1
Project("{FAE04EC0-301F-11D3-BF4B-00C04F79EFBC}") = "Lab_3", "Lab_3.csproj", "{B1C53F07-A9BC-4204-B42C-CA6F89ED5FC9}"
EndProject
Global
	GlobalSection(SolutionConfigurationPlatforms) = preSolution
		Debug|Any CPU = Debug|Any CPU
		Release|Any CPU = Release|Any CPU
	EndGlobalSection
	GlobalSection(ProjectConfigurationPlatforms) = postSolution
		{B1C53F07-A9BC-4204-B42C-CA6F89ED5FC9}.Debug|Any CPU.ActiveCfg = Debug|Any CPU
		{B1C53F07-A9BC-4204-B42C-CA6F89ED5FC9}.Debug|Any CPU.Build.0 = Debug|Any CPU
		{B1C53F07-A9BC-4204-B42C-CA6F89ED5FC9}.Release|Any CPU.ActiveCfg = Release|Any CPU
		{B1C53F07-A9BC-4204-B42C-CA6F89ED5FC9}.Release|Any CPU.Build.0 = Release|Any CPU
	EndGlobalSection
	GlobalSection(SolutionProperties) = preSolution
		HideSolutionNode = FALSE
	EndGlobalSection
	GlobalSection(ExtensibilityGlobals) = postSolution
		SolutionGuid = {3278D18D-1950-4356-A6E2-077D24E803BE}
	EndGlobalSection
EndGlobal
